# THIS IS AN AUTOGENERATED FILE. DO NOT EDIT THIS FILE DIRECTLY.
# yarn lockfile v1


"@babel/runtime@^7.11.2":
  version "7.12.5"
  resolved "https://registry.npmjs.org/@babel/runtime/-/runtime-7.12.5.tgz#410e7e487441e1b360c29be715d870d9b985882e"
  integrity sha512-plcc+hbExy3McchJCEQG3knOsuh3HH+Prx1P6cLIkET/0dLuQDEnrT+s27Axgc9bqfsmNUNHfscgMUdBpC9xfg==
  dependencies:
    regenerator-runtime "^0.13.4"

gatsby-plugin-create-client-paths@^2.3.13:
  version "2.3.13"
  resolved "https://registry.npmjs.org/gatsby-plugin-create-client-paths/-/gatsby-plugin-create-client-paths-2.3.13.tgz#d75f2477688aa6032452572f72a81c645df2ec73"
  integrity sha512-7MYVDNcGdIVjoV3ymYsrDafRxOv+l0Agcz0KS6cT4+8RIiXM0tVglvCKCxnqNAjhLQmp1JFCryyl/jM2/6jzRQ==
  dependencies:
    "@babel/runtime" "^7.11.2"

regenerator-runtime@^0.13.4:
  version "0.13.7"
  resolved "https://registry.npmjs.org/regenerator-runtime/-/regenerator-runtime-0.13.7.tgz#cac2dacc8a1ea675feaabaeb8ae833898ae46f55"
  integrity sha512-a54FxoJDIr27pgf7IgeQGxmqUNYrcV338lf/6gH456HZ/PhX+5BcwHXG9ajESmwe6WRO0tAzRUrRmNONWgkrew==
