# THIS IS AN AUTOGENERATED FILE. DO NOT EDIT THIS FILE DIRECTLY.
# yarn lockfile v1


"@auth0/auth0-react@^1.2.0":
  version "1.2.0"
  resolved "https://registry.npmjs.org/@auth0/auth0-react/-/auth0-react-1.2.0.tgz#6d63a3aa618f610ba3a5c0f51d513907f62d1802"
  integrity sha512-Gq6N4s3I/+B90Xz2JeUQUkulHef5m0FgfvMO2gew60tQYjkvWUtuwK9IOMs5xjp9PISQmdsMkpZoXmLESRb+9w==
  dependencies:
    "@auth0/auth0-spa-js" "^1.13.1"

"@auth0/auth0-spa-js@^1.13.1":
  version "1.13.2"
  resolved "https://registry.npmjs.org/@auth0/auth0-spa-js/-/auth0-spa-js-1.13.2.tgz#0bb0a0b2596985bcf716c61b1c272e1c4ae1c4ad"
  integrity sha512-cyNlOq9alXod9ZDSx6rMnz7LNF/IhJSM39dx3WiXG1NG12T10AIy1odhe/9Cuhe5Fgkue9VfaVwggiDybsWcKA==
  dependencies:
    abortcontroller-polyfill "^1.5.0"
    browser-tabs-lock "1.2.9"
    core-js "^3.6.5"
    es-cookie "^1.3.2"
    fast-text-encoding "^1.0.3"
    promise-polyfill "^8.1.3"
    unfetch "^4.2.0"

"@babel/runtime@^7.11.2":
  version "7.12.5"
  resolved "https://registry.npmjs.org/@babel/runtime/-/runtime-7.12.5.tgz#410e7e487441e1b360c29be715d870d9b985882e"
  integrity sha512-plcc+hbExy3McchJCEQG3knOsuh3HH+Prx1P6cLIkET/0dLuQDEnrT+s27Axgc9bqfsmNUNHfscgMUdBpC9xfg==
  dependencies:
    regenerator-runtime "^0.13.4"

abortcontroller-polyfill@^1.5.0:
  version "1.5.0"
  resolved "https://registry.npmjs.org/abortcontroller-polyfill/-/abortcontroller-polyfill-1.5.0.tgz#2c562f530869abbcf88d949a2b60d1d402e87a7c"
  integrity sha512-O6Xk757Jb4o0LMzMOMdWvxpHWrQzruYBaUruFaIOfAQRnWFxfdXYobw12jrVHGtoXk6WiiyYzc0QWN9aL62HQA==

browser-tabs-lock@1.2.9:
  version "1.2.9"
  resolved "https://registry.npmjs.org/browser-tabs-lock/-/browser-tabs-lock-1.2.9.tgz#fa9568471c49de1dbe311a6da95f86794bbe1fdf"
  integrity sha512-cczryjv6i6kAfTWKhhNW3LWhFDwzPazEsNG9IG2n6AeYzPVb1tUCY3aqTKeFJL0rKUnfSXto7esjrqY3fz+ugA==

core-js@^3.6.5:
  version "3.7.0"
  resolved "https://registry.npmjs.org/core-js/-/core-js-3.7.0.tgz#b0a761a02488577afbf97179e4681bf49568520f"
  integrity sha512-NwS7fI5M5B85EwpWuIwJN4i/fbisQUwLwiSNUWeXlkAZ0sbBjLEvLvFLf1uzAUV66PcEPt4xCGCmOZSxVf3xzA==

es-cookie@^1.3.2:
  version "1.3.2"
  resolved "https://registry.npmjs.org/es-cookie/-/es-cookie-1.3.2.tgz#80e831597f72a25721701bdcb21d990319acd831"
  integrity sha512-UTlYYhXGLOy05P/vKVT2Ui7WtC7NiRzGtJyAKKn32g5Gvcjn7KAClLPWlipCtxIus934dFg9o9jXiBL0nP+t9Q==

fast-text-encoding@^1.0.3:
  version "1.0.3"
  resolved "https://registry.npmjs.org/fast-text-encoding/-/fast-text-encoding-1.0.3.tgz#ec02ac8e01ab8a319af182dae2681213cfe9ce53"
  integrity sha512-dtm4QZH9nZtcDt8qJiOH9fcQd1NAgi+K1O2DbE6GG1PPCK/BWfOH3idCTRQ4ImXRUOyopDEgDEnVEE7Y/2Wrig==

gatsby-plugin-create-client-paths@^2.3.13:
  version "2.3.13"
  resolved "https://registry.npmjs.org/gatsby-plugin-create-client-paths/-/gatsby-plugin-create-client-paths-2.3.13.tgz#d75f2477688aa6032452572f72a81c645df2ec73"
  integrity sha512-7MYVDNcGdIVjoV3ymYsrDafRxOv+l0Agcz0KS6cT4+8RIiXM0tVglvCKCxnqNAjhLQmp1JFCryyl/jM2/6jzRQ==
  dependencies:
    "@babel/runtime" "^7.11.2"

promise-polyfill@^8.1.3:
  version "8.2.0"
  resolved "https://registry.npmjs.org/promise-polyfill/-/promise-polyfill-8.2.0.tgz#367394726da7561457aba2133c9ceefbd6267da0"
  integrity sha512-k/TC0mIcPVF6yHhUvwAp7cvL6I2fFV7TzF1DuGPI8mBh4QQazf36xCKEHKTZKRysEoTQoQdKyP25J8MPJp7j5g==

regenerator-runtime@^0.13.4:
  version "0.13.7"
  resolved "https://registry.npmjs.org/regenerator-runtime/-/regenerator-runtime-0.13.7.tgz#cac2dacc8a1ea675feaabaeb8ae833898ae46f55"
  integrity sha512-a54FxoJDIr27pgf7IgeQGxmqUNYrcV338lf/6gH456HZ/PhX+5BcwHXG9ajESmwe6WRO0tAzRUrRmNONWgkrew==

unfetch@^4.2.0:
  version "4.2.0"
  resolved "https://registry.npmjs.org/unfetch/-/unfetch-4.2.0.tgz#7e21b0ef7d363d8d9af0fb929a5555f6ef97a3be"
  integrity sha512-F9p7yYCn6cIW9El1zi0HI6vqpeIvBsr3dSuRO6Xuppb1u5rXpCPmMvLSyECLhybr9isec8Ohl0hPekMVrEinDA==
